
Microsoft Visual Studio Solution File, Format Version 12.00
# Visual Studio Version 17
VisualStudioVersion = 17.2.32519.379
MinimumVisualStudioVersion = 10.0.40219.1
Project("{9A19103F-16F7-4668-BE54-9A1E7A4F7556}") = "PiHire.API", "PiHire.API\PiHire.API.csproj", "{0B7A3A5D-368A-407E-AADD-0345D1003842}"
EndProject
Project("{9A19103F-16F7-4668-BE54-9A1E7A4F7556}") = "PiHire.WS", "PiHire.WS\PiHire.WS.csproj", "{3FA9B37F-DB99-4D0B-9DF3-68CB257913BA}"
EndProject
Project("{9A19103F-16F7-4668-BE54-9A1E7A4F7556}") = "PiHire.BAL", "CommonfilesSubmodule\PiHire.BAL\PiHire.BAL.csproj", "{9940E9B2-FAA8-445F-B734-25C6B31CA9E2}"
EndProject
Project("{9A19103F-16F7-4668-BE54-9A1E7A4F7556}") = "PiHire.DAL", "CommonfilesSubmodule\PiHire.DAL\PiHire.DAL.csproj", "{690E4C23-53CA-4CED-AD52-CF04E823BEF0}"
EndProject
Project("{9A19103F-16F7-4668-BE54-9A1E7A4F7556}") = "PiHire.Utilities", "CommonfilesSubmodule\PiHire.Utilities\PiHire.Utilities.csproj", "{DF12557F-96F8-41CE-999A-7D19D14B76C7}"
EndProject
Global
	GlobalSection(SolutionConfigurationPlatforms) = preSolution
		Debug|Any CPU = Debug|Any CPU
		Release|Any CPU = Release|Any CPU
	EndGlobalSection
	GlobalSection(ProjectConfigurationPlatforms) = postSolution
		{0B7A3A5D-368A-407E-AADD-0345D1003842}.Debug|Any CPU.ActiveCfg = Debug|Any CPU
		{0B7A3A5D-368A-407E-AADD-0345D1003842}.Debug|Any CPU.Build.0 = Debug|Any CPU
		{0B7A3A5D-368A-407E-AADD-0345D1003842}.Release|Any CPU.ActiveCfg = Release|Any CPU
		{0B7A3A5D-368A-407E-AADD-0345D1003842}.Release|Any CPU.Build.0 = Release|Any CPU
		{3FA9B37F-DB99-4D0B-9DF3-68CB257913BA}.Debug|Any CPU.ActiveCfg = Debug|Any CPU
		{3FA9B37F-DB99-4D0B-9DF3-68CB257913BA}.Debug|Any CPU.Build.0 = Debug|Any CPU
		{3FA9B37F-DB99-4D0B-9DF3-68CB257913BA}.Release|Any CPU.ActiveCfg = Release|Any CPU
		{3FA9B37F-DB99-4D0B-9DF3-68CB257913BA}.Release|Any CPU.Build.0 = Release|Any CPU
		{9940E9B2-FAA8-445F-B734-25C6B31CA9E2}.Debug|Any CPU.ActiveCfg = Debug|Any CPU
		{9940E9B2-FAA8-445F-B734-25C6B31CA9E2}.Debug|Any CPU.Build.0 = Debug|Any CPU
		{9940E9B2-FAA8-445F-B734-25C6B31CA9E2}.Release|Any CPU.ActiveCfg = Release|Any CPU
		{9940E9B2-FAA8-445F-B734-25C6B31CA9E2}.Release|Any CPU.Build.0 = Release|Any CPU
		{690E4C23-53CA-4CED-AD52-CF04E823BEF0}.Debug|Any CPU.ActiveCfg = Debug|Any CPU
		{690E4C23-53CA-4CED-AD52-CF04E823BEF0}.Debug|Any CPU.Build.0 = Debug|Any CPU
		{690E4C23-53CA-4CED-AD52-CF04E823BEF0}.Release|Any CPU.ActiveCfg = Release|Any CPU
		{690E4C23-53CA-4CED-AD52-CF04E823BEF0}.Release|Any CPU.Build.0 = Release|Any CPU
		{DF12557F-96F8-41CE-999A-7D19D14B76C7}.Debug|Any CPU.ActiveCfg = Debug|Any CPU
		{DF12557F-96F8-41CE-999A-7D19D14B76C7}.Debug|Any CPU.Build.0 = Debug|Any CPU
		{DF12557F-96F8-41CE-999A-7D19D14B76C7}.Release|Any CPU.ActiveCfg = Release|Any CPU
		{DF12557F-96F8-41CE-999A-7D19D14B76C7}.Release|Any CPU.Build.0 = Release|Any CPU
	EndGlobalSection
	GlobalSection(SolutionProperties) = preSolution
		HideSolutionNode = FALSE
	EndGlobalSection
	GlobalSection(ExtensibilityGlobals) = postSolution
		SolutionGuid = {99B64876-5C6D-4FE4-93DE-0D751180AD41}
	EndGlobalSection
EndGlobal
